// !$*UTF8*$!
{
	archiveVersion = 1;
	classes = {
	};
	objectVersion = 46;
	objects = {

/* Begin PBXBuildFile section */
		8E8CB1B415581B83009A0190 /* UIKit.framework in Frameworks */ = {isa = PBXBuildFile; fileRef = 8E8CB1B315581B83009A0190 /* UIKit.framework */; };
		8E8CB1B615581B83009A0190 /* Foundation.framework in Frameworks */ = {isa = PBXBuildFile; fileRef = 8E8CB1B515581B83009A0190 /* Foundation.framework */; };
		8E8CB1B815581B83009A0190 /* CoreGraphics.framework in Frameworks */ = {isa = PBXBuildFile; fileRef = 8E8CB1B715581B83009A0190 /* CoreGraphics.framework */; };
		8E8CB1BE15581B83009A0190 /* InfoPlist.strings in Resources */ = {isa = PBXBuildFile; fileRef = 8E8CB1BC15581B83009A0190 /* InfoPlist.strings */; };
		8E8CB1C015581B83009A0190 /* main.m in Sources */ = {isa = PBXBuildFile; fileRef = 8E8CB1BF15581B83009A0190 /* main.m */; };
		8E8CB1C415581B83009A0190 /* AppDelegate.m in Sources */ = {isa = PBXBuildFile; fileRef = 8E8CB1C315581B83009A0190 /* AppDelegate.m */; };
		8E8CB1CC15581BD6009A0190 /* RootViewController.m in Sources */ = {isa = PBXBuildFile; fileRef = 8E8CB1CB15581BD6009A0190 /* RootViewController.m */; };
		8EA32FF5156FE9CA00F80E20 /* SecondViewController.m in Sources */ = {isa = PBXBuildFile; fileRef = 8EA32FF4156FE9CA00F80E20 /* SecondViewController.m */; };
/* End PBXBuildFile section */

/* Begin PBXFileReference section */
		8E8CB1AF15581B83009A0190 /* scrollSubThreeScrollViewTest.app */ = {isa = PBXFileReference; explicitFileType = wrapper.application; includeInIndex = 0; path = scrollSubThreeScrollViewTest.app; sourceTree = BUILT_PRODUCTS_DIR; };
		8E8CB1B315581B83009A0190 /* UIKit.framework */ = {isa = PBXFileReference; lastKnownFileType = wrapper.framework; name = UIKit.framework; path = System/Library/Frameworks/UIKit.framework; sourceTree = SDKROOT; };
		8E8CB1B515581B83009A0190 /* Foundation.framework */ = {isa = PBXFileReference; lastKnownFileType = wrapper.framework; name = Foundation.framework; path = System/Library/Frameworks/Foundation.framework; sourceTree = SDKROOT; };
		8E8CB1B715581B83009A0190 /* CoreGraphics.framework */ = {isa = PBXFileReference; lastKnownFileType = wrapper.framework; name = CoreGraphics.framework; path = System/Library/Frameworks/CoreGraphics.framework; sourceTree = SDKROOT; };
		8E8CB1BB15581B83009A0190 /* scrollSubThreeScrollViewTest-Info.plist */ = {isa = PBXFileReference; lastKnownFileType = text.plist.xml; path = "scrollSubThreeScrollViewTest-Info.plist"; sourceTree = "<group>"; };
		8E8CB1BD15581B83009A0190 /* en */ = {isa = PBXFileReference; lastKnownFileType = text.plist.strings; name = en; path = en.lproj/InfoPlist.strings; sourceTree = "<group>"; };
		8E8CB1BF15581B83009A0190 /* main.m */ = {isa = PBXFileReference; lastKnownFileType = sourcecode.c.objc; path = main.m; sourceTree = "<group>"; };
		8E8CB1C115581B83009A0190 /* scrollSubThreeScrollViewTest-Prefix.pch */ = {isa = PBXFileReference; lastKnownFileType = sourcecode.c.h; path = "scrollSubThreeScrollViewTest-Prefix.pch"; sourceTree = "<group>"; };
		8E8CB1C215581B83009A0190 /* AppDelegate.h */ = {isa = PBXFileReference; lastKnownFileType = sourcecode.c.h; path = AppDelegate.h; sourceTree = "<group>"; };
		8E8CB1C315581B83009A0190 /* AppDelegate.m */ = {isa = PBXFileReference; lastKnownFileType = sourcecode.c.objc; path = AppDelegate.m; sourceTree = "<group>"; };
		8E8CB1CA15581BD6009A0190 /* RootViewController.h */ = {isa = PBXFileReference; fileEncoding = 4; lastKnownFileType = sourcecode.c.h; path = RootViewController.h; sourceTree = "<group>"; };
		8E8CB1CB15581BD6009A0190 /* RootViewController.m */ = {isa = PBXFileReference; fileEncoding = 4; lastKnownFileType = sourcecode.c.objc; path = RootViewController.m; sourceTree = "<group>"; };
		8EA32FF3156FE9CA00F80E20 /* SecondViewController.h */ = {isa = PBXFileReference; fileEncoding = 4; lastKnownFileType = sourcecode.c.h; path = SecondViewController.h; sourceTree = "<group>"; };
		8EA32FF4156FE9CA00F80E20 /* SecondViewController.m */ = {isa = PBXFileReference; fileEncoding = 4; lastKnownFileType = sourcecode.c.objc; path = SecondViewController.m; sourceTree = "<group>"; };
/* End PBXFileReference section */

/* Begin PBXFrameworksBuildPhase section */
		8E8CB1AC15581B83009A0190 /* Frameworks */ = {
			isa = PBXFrameworksBuildPhase;
			buildActionMask = 2147483647;
			files = (
				8E8CB1B415581B83009A0190 /* UIKit.framework in Frameworks */,
				8E8CB1B615581B83009A0190 /* Foundation.framework in Frameworks */,
				8E8CB1B815581B83009A0190 /* CoreGraphics.framework in Frameworks */,
			);
			runOnlyForDeploymentPostprocessing = 0;
		};
/* End PBXFrameworksBuildPhase section */

/* Begin PBXGroup section */
		8E8CB1A415581B82009A0190 = {
			isa = PBXGroup;
			children = (
				8E8CB1B915581B83009A0190 /* scrollSubThreeScrollViewTest */,
				8E8CB1B215581B83009A0190 /* Frameworks */,
				8E8CB1B015581B83009A0190 /* Products */,
			);
			sourceTree = "<group>";
		};
		8E8CB1B015581B83009A0190 /* Products */ = {
			isa = PBXGroup;
			children = (
				8E8CB1AF15581B83009A0190 /* scrollSubThreeScrollViewTest.app */,
			);
			name = Products;
			sourceTree = "<group>";
		};
		8E8CB1B215581B83009A0190 /* Frameworks */ = {
			isa = PBXGroup;
			children = (
				8E8CB1B315581B83009A0190 /* UIKit.framework */,
				8E8CB1B515581B83009A0190 /* Foundation.framework */,
				8E8CB1B715581B83009A0190 /* CoreGraphics.framework */,
			);
			name = Frameworks;
			sourceTree = "<group>";
		};
		8E8CB1B915581B83009A0190 /* scrollSubThreeScrollViewTest */ = {
			isa = PBXGroup;
			children = (
				8E8CB1C215581B83009A0190 /* AppDelegate.h */,
				8E8CB1C315581B83009A0190 /* AppDelegate.m */,
				8E8CB1BA15581B83009A0190 /* Supporting Files */,
				8E8CB1CA15581BD6009A0190 /* RootViewController.h */,
				8E8CB1CB15581BD6009A0190 /* RootViewController.m */,
				8EA32FF3156FE9CA00F80E20 /* SecondViewController.h */,
				8EA32FF4156FE9CA00F80E20 /* SecondViewController.m */,
			);
			path = scrollSubThreeScrollViewTest;
			sourceTree = "<group>";
		};
		8E8CB1BA15581B83009A0190 /* Supporting Files */ = {
			isa = PBXGroup;
			children = (
				8E8CB1BB15581B83009A0190 /* scrollSubThreeScrollViewTest-Info.plist */,
				8E8CB1BC15581B83009A0190 /* InfoPlist.strings */,
				8E8CB1BF15581B83009A0190 /* main.m */,
				8E8CB1C115581B83009A0190 /* scrollSubThreeScrollViewTest-Prefix.pch */,
			);
			name = "Supporting Files";
			sourceTree = "<group>";
		};
/* End PBXGroup section */

/* Begin PBXNativeTarget section */
		8E8CB1AE15581B83009A0190 /* scrollSubThreeScrollViewTest */ = {
			isa = PBXNativeTarget;
			buildConfigurationList = 8E8CB1C715581B83009A0190 /* Build configuration list for PBXNativeTarget "scrollSubThreeScrollViewTest" */;
			buildPhases = (
				8E8CB1AB15581B83009A0190 /* Sources */,
				8E8CB1AC15581B83009A0190 /* Frameworks */,
				8E8CB1AD15581B83009A0190 /* Resources */,
			);
			buildRules = (
			);
			dependencies = (
			);
			name = scrollSubThreeScrollViewTest;
			productName = scrollSubThreeScrollViewTest;
			productReference = 8E8CB1AF15581B83009A0190 /* scrollSubThreeScrollViewTest.app */;
			productType = "com.apple.product-type.application";
		};
/* End PBXNativeTarget section */

/* Begin PBXProject section */
		8E8CB1A615581B82009A0190 /* Project object */ = {
			isa = PBXProject;
			attributes = {
				LastUpgradeCheck = 0430;
			};
			buildConfigurationList = 8E8CB1A915581B82009A0190 /* Build configuration list for PBXProject "scrollSubThreeScrollViewTest" */;
			compatibilityVersion = "Xcode 3.2";
			developmentRegion = English;
			hasScannedForEncodings = 0;
			knownRegions = (
				en,
			);
			mainGroup = 8E8CB1A415581B82009A0190;
			productRefGroup = 8E8CB1B015581B83009A0190 /* Products */;
			projectDirPath = "";
			projectRoot = "";
			targets = (
				8E8CB1AE15581B83009A0190 /* scrollSubThreeScrollViewTest */,
			);
		};
/* End PBXProject section */

/* Begin PBXResourcesBuildPhase section */
		8E8CB1AD15581B83009A0190 /* Resources */ = {
			isa = PBXResourcesBuildPhase;
			buildActionMask = 2147483647;
			files = (
				8E8CB1BE15581B83009A0190 /* InfoPlist.strings in Resources */,
			);
			runOnlyForDeploymentPostprocessing = 0;
		};
/* End PBXResourcesBuildPhase section */

/* Begin PBXSourcesBuildPhase section */
		8E8CB1AB15581B83009A0190 /* Sources */ = {
			isa = PBXSourcesBuildPhase;
			buildActionMask = 2147483647;
			files = (
				8E8CB1C015581B83009A0190 /* main.m in Sources */,
				8E8CB1C415581B83009A0190 /* AppDelegate.m in Sources */,
				8E8CB1CC15581BD6009A0190 /* RootViewController.m in Sources */,
				8EA32FF5156FE9CA00F80E20 /* SecondViewController.m in Sources */,
			);
			runOnlyForDeploymentPostprocessing = 0;
		};
/* End PBXSourcesBuildPhase section */

/* Begin PBXVariantGroup section */
		8E8CB1BC15581B83009A0190 /* InfoPlist.strings */ = {
			isa = PBXVariantGroup;
			children = (
				8E8CB1BD15581B83009A0190 /* en */,
			);
			name = InfoPlist.strings;
			sourceTree = "<group>";
		};
/* End PBXVariantGroup section */

/* Begin XCBuildConfiguration section */
		8E8CB1C515581B83009A0190 /* Debug */ = {
			isa = XCBuildConfiguration;
			buildSettings = {
				ALWAYS_SEARCH_USER_PATHS = NO;
				ARCHS = "$(ARCHS_STANDARD_32_BIT)";
				"CODE_SIGN_IDENTITY[sdk=iphoneos*]" = "iPhone Developer";
				COPY_PHASE_STRIP = NO;
				GCC_C_LANGUAGE_STANDARD = gnu99;
				GCC_DYNAMIC_NO_PIC = NO;
				GCC_OPTIMIZATION_LEVEL = 0;
				GCC_PREPROCESSOR_DEFINITIONS = (
					"DEBUG=1",
					"$(inherited)",
				);
				GCC_SYMBOLS_PRIVATE_EXTERN = NO;
				GCC_VERSION = com.apple.compilers.llvm.clang.1_0;
				GCC_WARN_ABOUT_RETURN_TYPE = YES;
				GCC_WARN_UNINITIALIZED_AUTOS = YES;
				GCC_WARN_UNUSED_VARIABLE = YES;
				IPHONEOS_DEPLOYMENT_TARGET = 5.1;
				SDKROOT = iphoneos;
			};
			name = Debug;
		};
		8E8CB1C615581B83009A0190 /* Release */ = {
			isa = XCBuildConfiguration;
			buildSettings = {
				ALWAYS_SEARCH_USER_PATHS = NO;
				ARCHS = "$(ARCHS_STANDARD_32_BIT)";
				"CODE_SIGN_IDENTITY[sdk=iphoneos*]" = "iPhone Developer";
				COPY_PHASE_STRIP = YES;
				GCC_C_LANGUAGE_STANDARD = gnu99;
				GCC_VERSION = com.apple.compilers.llvm.clang.1_0;
				GCC_WARN_ABOUT_RETURN_TYPE = YES;
				GCC_WARN_UNINITIALIZED_AUTOS = YES;
				GCC_WARN_UNUSED_VARIABLE = YES;
				IPHONEOS_DEPLOYMENT_TARGET = 5.1;
				OTHER_CFLAGS = "-DNS_BLOCK_ASSERTIONS=1";
				SDKROOT = iphoneos;
				VALIDATE_PRODUCT = YES;
			};
			name = Release;
		};
		8E8CB1C815581B83009A0190 /* Debug */ = {
			isa = XCBuildConfiguration;
			buildSettings = {
				GCC_PRECOMPILE_PREFIX_HEADER = YES;
				GCC_PREFIX_HEADER = "scrollSubThreeScrollViewTest/scrollSubThreeScrollViewTest-Prefix.pch";
				INFOPLIST_FILE = "scrollSubThreeScrollViewTest/scrollSubThreeScrollViewTest-Info.plist";
				PRODUCT_NAME = "$(TARGET_NAME)";
				WRAPPER_EXTENSION = app;
			};
			name = Debug;
		};
		8E8CB1C915581B83009A0190 /* Release */ = {
			isa = XCBuildConfiguration;
			buildSettings = {
				GCC_PRECOMPILE_PREFIX_HEADER = YES;
				GCC_PREFIX_HEADER = "scrollSubThreeScrollViewTest/scrollSubThreeScrollViewTest-Prefix.pch";
				INFOPLIST_FILE = "scrollSubThreeScrollViewTest/scrollSubThreeScrollViewTest-Info.plist";
				PRODUCT_NAME = "$(TARGET_NAME)";
				WRAPPER_EXTENSION = app;
			};
			name = Release;
		};
/* End XCBuildConfiguration section */

/* Begin XCConfigurationList section */
		8E8CB1A915581B82009A0190 /* Build configuration list for PBXProject "scrollSubThreeScrollViewTest" */ = {
			isa = XCConfigurationList;
			buildConfigurations = (
				8E8CB1C515581B83009A0190 /* Debug */,
				8E8CB1C615581B83009A0190 /* Release */,
			);
			defaultConfigurationIsVisible = 0;
			defaultConfigurationName = Release;
		};
		8E8CB1C715581B83009A0190 /* Build configuration list for PBXNativeTarget "scrollSubThreeScrollViewTest" */ = {
			isa = XCConfigurationList;
			buildConfigurations = (
				8E8CB1C815581B83009A0190 /* Debug */,
				8E8CB1C915581B83009A0190 /* Release */,
			);
			defaultConfigurationIsVisible = 0;
			defaultConfigurationName = Release;
		};
/* End XCConfigurationList section */
	};
	rootObject = 8E8CB1A615581B82009A0190 /* Project object */;
}
