// !$*UTF8*$!
{
	archiveVersion = 1;
	classes = {
	};
	objectVersion = 46;
	objects = {

/* Begin PBXBuildFile section */
		8ED4E0B016986880003A9CC4 /* UIKit.framework in Frameworks */ = {isa = PBXBuildFile; fileRef = 8ED4E0AF16986880003A9CC4 /* UIKit.framework */; };
		8ED4E0B216986880003A9CC4 /* Foundation.framework in Frameworks */ = {isa = PBXBuildFile; fileRef = 8ED4E0B116986880003A9CC4 /* Foundation.framework */; };
		8ED4E0B416986880003A9CC4 /* CoreGraphics.framework in Frameworks */ = {isa = PBXBuildFile; fileRef = 8ED4E0B316986880003A9CC4 /* CoreGraphics.framework */; };
		8ED4E0BA16986880003A9CC4 /* InfoPlist.strings in Resources */ = {isa = PBXBuildFile; fileRef = 8ED4E0B816986880003A9CC4 /* InfoPlist.strings */; };
		8ED4E0BC16986880003A9CC4 /* main.m in Sources */ = {isa = PBXBuildFile; fileRef = 8ED4E0BB16986880003A9CC4 /* main.m */; };
		8ED4E0C016986880003A9CC4 /* CTAppDelegate.m in Sources */ = {isa = PBXBuildFile; fileRef = 8ED4E0BF16986880003A9CC4 /* CTAppDelegate.m */; };
		8ED4E0C7169868CE003A9CC4 /* CoreText.framework in Frameworks */ = {isa = PBXBuildFile; fileRef = 8ED4E0C6169868CE003A9CC4 /* CoreText.framework */; };
		8ED4E0CA16986933003A9CC4 /* CTViewController.m in Sources */ = {isa = PBXBuildFile; fileRef = 8ED4E0C916986933003A9CC4 /* CTViewController.m */; };
		8ED4E0CD16986945003A9CC4 /* CTView.m in Sources */ = {isa = PBXBuildFile; fileRef = 8ED4E0CC16986945003A9CC4 /* CTView.m */; };
/* End PBXBuildFile section */

/* Begin PBXFileReference section */
		8ED4E0AB1698687F003A9CC4 /* CoreTextTest.app */ = {isa = PBXFileReference; explicitFileType = wrapper.application; includeInIndex = 0; path = CoreTextTest.app; sourceTree = BUILT_PRODUCTS_DIR; };
		8ED4E0AF16986880003A9CC4 /* UIKit.framework */ = {isa = PBXFileReference; lastKnownFileType = wrapper.framework; name = UIKit.framework; path = System/Library/Frameworks/UIKit.framework; sourceTree = SDKROOT; };
		8ED4E0B116986880003A9CC4 /* Foundation.framework */ = {isa = PBXFileReference; lastKnownFileType = wrapper.framework; name = Foundation.framework; path = System/Library/Frameworks/Foundation.framework; sourceTree = SDKROOT; };
		8ED4E0B316986880003A9CC4 /* CoreGraphics.framework */ = {isa = PBXFileReference; lastKnownFileType = wrapper.framework; name = CoreGraphics.framework; path = System/Library/Frameworks/CoreGraphics.framework; sourceTree = SDKROOT; };
		8ED4E0B716986880003A9CC4 /* CoreTextTest-Info.plist */ = {isa = PBXFileReference; lastKnownFileType = text.plist.xml; path = "CoreTextTest-Info.plist"; sourceTree = "<group>"; };
		8ED4E0B916986880003A9CC4 /* en */ = {isa = PBXFileReference; lastKnownFileType = text.plist.strings; name = en; path = en.lproj/InfoPlist.strings; sourceTree = "<group>"; };
		8ED4E0BB16986880003A9CC4 /* main.m */ = {isa = PBXFileReference; lastKnownFileType = sourcecode.c.objc; path = main.m; sourceTree = "<group>"; };
		8ED4E0BD16986880003A9CC4 /* CoreTextTest-Prefix.pch */ = {isa = PBXFileReference; lastKnownFileType = sourcecode.c.h; path = "CoreTextTest-Prefix.pch"; sourceTree = "<group>"; };
		8ED4E0BE16986880003A9CC4 /* CTAppDelegate.h */ = {isa = PBXFileReference; lastKnownFileType = sourcecode.c.h; path = CTAppDelegate.h; sourceTree = "<group>"; };
		8ED4E0BF16986880003A9CC4 /* CTAppDelegate.m */ = {isa = PBXFileReference; lastKnownFileType = sourcecode.c.objc; path = CTAppDelegate.m; sourceTree = "<group>"; };
		8ED4E0C6169868CE003A9CC4 /* CoreText.framework */ = {isa = PBXFileReference; lastKnownFileType = wrapper.framework; name = CoreText.framework; path = System/Library/Frameworks/CoreText.framework; sourceTree = SDKROOT; };
		8ED4E0C816986933003A9CC4 /* CTViewController.h */ = {isa = PBXFileReference; fileEncoding = 4; lastKnownFileType = sourcecode.c.h; path = CTViewController.h; sourceTree = "<group>"; };
		8ED4E0C916986933003A9CC4 /* CTViewController.m */ = {isa = PBXFileReference; fileEncoding = 4; lastKnownFileType = sourcecode.c.objc; path = CTViewController.m; sourceTree = "<group>"; };
		8ED4E0CB16986945003A9CC4 /* CTView.h */ = {isa = PBXFileReference; fileEncoding = 4; lastKnownFileType = sourcecode.c.h; path = CTView.h; sourceTree = "<group>"; };
		8ED4E0CC16986945003A9CC4 /* CTView.m */ = {isa = PBXFileReference; fileEncoding = 4; lastKnownFileType = sourcecode.c.objc; path = CTView.m; sourceTree = "<group>"; };
/* End PBXFileReference section */

/* Begin PBXFrameworksBuildPhase section */
		8ED4E0A81698687F003A9CC4 /* Frameworks */ = {
			isa = PBXFrameworksBuildPhase;
			buildActionMask = 2147483647;
			files = (
				8ED4E0C7169868CE003A9CC4 /* CoreText.framework in Frameworks */,
				8ED4E0B016986880003A9CC4 /* UIKit.framework in Frameworks */,
				8ED4E0B216986880003A9CC4 /* Foundation.framework in Frameworks */,
				8ED4E0B416986880003A9CC4 /* CoreGraphics.framework in Frameworks */,
			);
			runOnlyForDeploymentPostprocessing = 0;
		};
/* End PBXFrameworksBuildPhase section */

/* Begin PBXGroup section */
		8ED4E0A01698687F003A9CC4 = {
			isa = PBXGroup;
			children = (
				8ED4E0B516986880003A9CC4 /* CoreTextTest */,
				8ED4E0AE16986880003A9CC4 /* Frameworks */,
				8ED4E0AC1698687F003A9CC4 /* Products */,
			);
			sourceTree = "<group>";
		};
		8ED4E0AC1698687F003A9CC4 /* Products */ = {
			isa = PBXGroup;
			children = (
				8ED4E0AB1698687F003A9CC4 /* CoreTextTest.app */,
			);
			name = Products;
			sourceTree = "<group>";
		};
		8ED4E0AE16986880003A9CC4 /* Frameworks */ = {
			isa = PBXGroup;
			children = (
				8ED4E0C6169868CE003A9CC4 /* CoreText.framework */,
				8ED4E0AF16986880003A9CC4 /* UIKit.framework */,
				8ED4E0B116986880003A9CC4 /* Foundation.framework */,
				8ED4E0B316986880003A9CC4 /* CoreGraphics.framework */,
			);
			name = Frameworks;
			sourceTree = "<group>";
		};
		8ED4E0B516986880003A9CC4 /* CoreTextTest */ = {
			isa = PBXGroup;
			children = (
				8ED4E0BE16986880003A9CC4 /* CTAppDelegate.h */,
				8ED4E0BF16986880003A9CC4 /* CTAppDelegate.m */,
				8ED4E0C816986933003A9CC4 /* CTViewController.h */,
				8ED4E0C916986933003A9CC4 /* CTViewController.m */,
				8ED4E0CB16986945003A9CC4 /* CTView.h */,
				8ED4E0CC16986945003A9CC4 /* CTView.m */,
				8ED4E0B616986880003A9CC4 /* Supporting Files */,
			);
			path = CoreTextTest;
			sourceTree = "<group>";
		};
		8ED4E0B616986880003A9CC4 /* Supporting Files */ = {
			isa = PBXGroup;
			children = (
				8ED4E0B716986880003A9CC4 /* CoreTextTest-Info.plist */,
				8ED4E0B816986880003A9CC4 /* InfoPlist.strings */,
				8ED4E0BB16986880003A9CC4 /* main.m */,
				8ED4E0BD16986880003A9CC4 /* CoreTextTest-Prefix.pch */,
			);
			name = "Supporting Files";
			sourceTree = "<group>";
		};
/* End PBXGroup section */

/* Begin PBXNativeTarget section */
		8ED4E0AA1698687F003A9CC4 /* CoreTextTest */ = {
			isa = PBXNativeTarget;
			buildConfigurationList = 8ED4E0C316986880003A9CC4 /* Build configuration list for PBXNativeTarget "CoreTextTest" */;
			buildPhases = (
				8ED4E0A71698687F003A9CC4 /* Sources */,
				8ED4E0A81698687F003A9CC4 /* Frameworks */,
				8ED4E0A91698687F003A9CC4 /* Resources */,
			);
			buildRules = (
			);
			dependencies = (
			);
			name = CoreTextTest;
			productName = CoreTextTest;
			productReference = 8ED4E0AB1698687F003A9CC4 /* CoreTextTest.app */;
			productType = "com.apple.product-type.application";
		};
/* End PBXNativeTarget section */

/* Begin PBXProject section */
		8ED4E0A21698687F003A9CC4 /* Project object */ = {
			isa = PBXProject;
			attributes = {
				CLASSPREFIX = CT;
				LastUpgradeCheck = 0440;
				ORGANIZATIONNAME = "stone win";
			};
			buildConfigurationList = 8ED4E0A51698687F003A9CC4 /* Build configuration list for PBXProject "CoreTextTest" */;
			compatibilityVersion = "Xcode 3.2";
			developmentRegion = English;
			hasScannedForEncodings = 0;
			knownRegions = (
				en,
			);
			mainGroup = 8ED4E0A01698687F003A9CC4;
			productRefGroup = 8ED4E0AC1698687F003A9CC4 /* Products */;
			projectDirPath = "";
			projectRoot = "";
			targets = (
				8ED4E0AA1698687F003A9CC4 /* CoreTextTest */,
			);
		};
/* End PBXProject section */

/* Begin PBXResourcesBuildPhase section */
		8ED4E0A91698687F003A9CC4 /* Resources */ = {
			isa = PBXResourcesBuildPhase;
			buildActionMask = 2147483647;
			files = (
				8ED4E0BA16986880003A9CC4 /* InfoPlist.strings in Resources */,
			);
			runOnlyForDeploymentPostprocessing = 0;
		};
/* End PBXResourcesBuildPhase section */

/* Begin PBXSourcesBuildPhase section */
		8ED4E0A71698687F003A9CC4 /* Sources */ = {
			isa = PBXSourcesBuildPhase;
			buildActionMask = 2147483647;
			files = (
				8ED4E0BC16986880003A9CC4 /* main.m in Sources */,
				8ED4E0C016986880003A9CC4 /* CTAppDelegate.m in Sources */,
				8ED4E0CA16986933003A9CC4 /* CTViewController.m in Sources */,
				8ED4E0CD16986945003A9CC4 /* CTView.m in Sources */,
			);
			runOnlyForDeploymentPostprocessing = 0;
		};
/* End PBXSourcesBuildPhase section */

/* Begin PBXVariantGroup section */
		8ED4E0B816986880003A9CC4 /* InfoPlist.strings */ = {
			isa = PBXVariantGroup;
			children = (
				8ED4E0B916986880003A9CC4 /* en */,
			);
			name = InfoPlist.strings;
			sourceTree = "<group>";
		};
/* End PBXVariantGroup section */

/* Begin XCBuildConfiguration section */
		8ED4E0C116986880003A9CC4 /* Debug */ = {
			isa = XCBuildConfiguration;
			buildSettings = {
				ALWAYS_SEARCH_USER_PATHS = NO;
				ARCHS = "$(ARCHS_STANDARD_32_BIT)";
				CLANG_CXX_LANGUAGE_STANDARD = "gnu++0x";
				CLANG_ENABLE_OBJC_ARC = YES;
				CLANG_WARN__DUPLICATE_METHOD_MATCH = YES;
				"CODE_SIGN_IDENTITY[sdk=iphoneos*]" = "iPhone Developer";
				COPY_PHASE_STRIP = NO;
				GCC_C_LANGUAGE_STANDARD = gnu99;
				GCC_DYNAMIC_NO_PIC = NO;
				GCC_OPTIMIZATION_LEVEL = 0;
				GCC_PREPROCESSOR_DEFINITIONS = (
					"DEBUG=1",
					"$(inherited)",
				);
				GCC_SYMBOLS_PRIVATE_EXTERN = NO;
				GCC_VERSION = com.apple.compilers.llvm.clang.1_0;
				GCC_WARN_ABOUT_RETURN_TYPE = YES;
				GCC_WARN_UNINITIALIZED_AUTOS = YES;
				GCC_WARN_UNUSED_VARIABLE = YES;
				IPHONEOS_DEPLOYMENT_TARGET = 5.0;
				SDKROOT = iphoneos;
			};
			name = Debug;
		};
		8ED4E0C216986880003A9CC4 /* Release */ = {
			isa = XCBuildConfiguration;
			buildSettings = {
				ALWAYS_SEARCH_USER_PATHS = NO;
				ARCHS = "$(ARCHS_STANDARD_32_BIT)";
				CLANG_CXX_LANGUAGE_STANDARD = "gnu++0x";
				CLANG_ENABLE_OBJC_ARC = YES;
				CLANG_WARN__DUPLICATE_METHOD_MATCH = YES;
				"CODE_SIGN_IDENTITY[sdk=iphoneos*]" = "iPhone Developer";
				COPY_PHASE_STRIP = YES;
				GCC_C_LANGUAGE_STANDARD = gnu99;
				GCC_VERSION = com.apple.compilers.llvm.clang.1_0;
				GCC_WARN_ABOUT_RETURN_TYPE = YES;
				GCC_WARN_UNINITIALIZED_AUTOS = YES;
				GCC_WARN_UNUSED_VARIABLE = YES;
				IPHONEOS_DEPLOYMENT_TARGET = 5.0;
				OTHER_CFLAGS = "-DNS_BLOCK_ASSERTIONS=1";
				SDKROOT = iphoneos;
				VALIDATE_PRODUCT = YES;
			};
			name = Release;
		};
		8ED4E0C416986880003A9CC4 /* Debug */ = {
			isa = XCBuildConfiguration;
			buildSettings = {
				GCC_PRECOMPILE_PREFIX_HEADER = YES;
				GCC_PREFIX_HEADER = "CoreTextTest/CoreTextTest-Prefix.pch";
				INFOPLIST_FILE = "CoreTextTest/CoreTextTest-Info.plist";
				PRODUCT_NAME = "$(TARGET_NAME)";
				WRAPPER_EXTENSION = app;
			};
			name = Debug;
		};
		8ED4E0C516986880003A9CC4 /* Release */ = {
			isa = XCBuildConfiguration;
			buildSettings = {
				GCC_PRECOMPILE_PREFIX_HEADER = YES;
				GCC_PREFIX_HEADER = "CoreTextTest/CoreTextTest-Prefix.pch";
				INFOPLIST_FILE = "CoreTextTest/CoreTextTest-Info.plist";
				PRODUCT_NAME = "$(TARGET_NAME)";
				WRAPPER_EXTENSION = app;
			};
			name = Release;
		};
/* End XCBuildConfiguration section */

/* Begin XCConfigurationList section */
		8ED4E0A51698687F003A9CC4 /* Build configuration list for PBXProject "CoreTextTest" */ = {
			isa = XCConfigurationList;
			buildConfigurations = (
				8ED4E0C116986880003A9CC4 /* Debug */,
				8ED4E0C216986880003A9CC4 /* Release */,
			);
			defaultConfigurationIsVisible = 0;
			defaultConfigurationName = Release;
		};
		8ED4E0C316986880003A9CC4 /* Build configuration list for PBXNativeTarget "CoreTextTest" */ = {
			isa = XCConfigurationList;
			buildConfigurations = (
				8ED4E0C416986880003A9CC4 /* Debug */,
				8ED4E0C516986880003A9CC4 /* Release */,
			);
			defaultConfigurationIsVisible = 0;
			defaultConfigurationName = Release;
		};
/* End XCConfigurationList section */
	};
	rootObject = 8ED4E0A21698687F003A9CC4 /* Project object */;
}
